
Microsoft Visual Studio Solution File, Format Version 12.00
# Visual Studio Version 17
VisualStudioVersion = 17.10.34928.147
MinimumVisualStudioVersion = 10.0.40219.1
Project("{9A19103F-16F7-4668-BE54-9A1E7A4F7556}") = "TodoApp.TorneSeUmProgramador.App", "TodoApp.TorneSeUmProgramador.App\TodoApp.TorneSeUmProgramador.App.csproj", "{D8F3A7A4-01C0-4D82-B72F-D6916D99990D}"
EndProject
Project("{9A19103F-16F7-4668-BE54-9A1E7A4F7556}") = "Todo.TorneSeUmProgramador.Core", "Todo.TorneSeUmProgramador.Core\Todo.TorneSeUmProgramador.Core.csproj", "{378FAB22-FEB8-4A05-8ADA-CADD684FBB65}"
EndProject
Project("{FAE04EC0-301F-11D3-BF4B-00C04F79EFBC}") = "Todo.TorneSeUmProgramador.Data", "Todo.TorneSeUmProgramador.Data\Todo.TorneSeUmProgramador.Data.csproj", "{08DB8117-F847-446B-ADFD-F4D7809E30BC}"
EndProject
Global
	GlobalSection(SolutionConfigurationPlatforms) = preSolution
		Debug|Any CPU = Debug|Any CPU
		Release|Any CPU = Release|Any CPU
	EndGlobalSection
	GlobalSection(ProjectConfigurationPlatforms) = postSolution
		{D8F3A7A4-01C0-4D82-B72F-D6916D99990D}.Debug|Any CPU.ActiveCfg = Debug|Any CPU
		{D8F3A7A4-01C0-4D82-B72F-D6916D99990D}.Debug|Any CPU.Build.0 = Debug|Any CPU
		{D8F3A7A4-01C0-4D82-B72F-D6916D99990D}.Debug|Any CPU.Deploy.0 = Debug|Any CPU
		{D8F3A7A4-01C0-4D82-B72F-D6916D99990D}.Release|Any CPU.ActiveCfg = Release|Any CPU
		{D8F3A7A4-01C0-4D82-B72F-D6916D99990D}.Release|Any CPU.Build.0 = Release|Any CPU
		{D8F3A7A4-01C0-4D82-B72F-D6916D99990D}.Release|Any CPU.Deploy.0 = Release|Any CPU
		{378FAB22-FEB8-4A05-8ADA-CADD684FBB65}.Debug|Any CPU.ActiveCfg = Debug|Any CPU
		{378FAB22-FEB8-4A05-8ADA-CADD684FBB65}.Debug|Any CPU.Build.0 = Debug|Any CPU
		{378FAB22-FEB8-4A05-8ADA-CADD684FBB65}.Release|Any CPU.ActiveCfg = Release|Any CPU
		{378FAB22-FEB8-4A05-8ADA-CADD684FBB65}.Release|Any CPU.Build.0 = Release|Any CPU
		{08DB8117-F847-446B-ADFD-F4D7809E30BC}.Debug|Any CPU.ActiveCfg = Debug|Any CPU
		{08DB8117-F847-446B-ADFD-F4D7809E30BC}.Debug|Any CPU.Build.0 = Debug|Any CPU
		{08DB8117-F847-446B-ADFD-F4D7809E30BC}.Release|Any CPU.ActiveCfg = Release|Any CPU
		{08DB8117-F847-446B-ADFD-F4D7809E30BC}.Release|Any CPU.Build.0 = Release|Any CPU
	EndGlobalSection
	GlobalSection(SolutionProperties) = preSolution
		HideSolutionNode = FALSE
	EndGlobalSection
	GlobalSection(ExtensibilityGlobals) = postSolution
		SolutionGuid = {B36D28D6-5D36-4BB6-B4B7-A9681460F11A}
	EndGlobalSection
EndGlobal
